// !$*UTF8*$!
{
	archiveVersion = 1;
	classes = {
	};
	objectVersion = 46;
	objects = {

/* Begin PBXBuildFile section */
		E29E8F2F18EC181E00183552 /* Foundation.framework in Frameworks */ = {isa = PBXBuildFile; fileRef = E29E8F2E18EC181E00183552 /* Foundation.framework */; };
		E29E8F3118EC181E00183552 /* CoreGraphics.framework in Frameworks */ = {isa = PBXBuildFile; fileRef = E29E8F3018EC181E00183552 /* CoreGraphics.framework */; };
		E29E8F3318EC181E00183552 /* UIKit.framework in Frameworks */ = {isa = PBXBuildFile; fileRef = E29E8F3218EC181E00183552 /* UIKit.framework */; };
		E29E8F3918EC181E00183552 /* InfoPlist.strings in Resources */ = {isa = PBXBuildFile; fileRef = E29E8F3718EC181E00183552 /* InfoPlist.strings */; };
		E29E8F3B18EC181E00183552 /* main.m in Sources */ = {isa = PBXBuildFile; fileRef = E29E8F3A18EC181E00183552 /* main.m */; };
		E29E8F3F18EC181E00183552 /* AppDelegate.m in Sources */ = {isa = PBXBuildFile; fileRef = E29E8F3E18EC181E00183552 /* AppDelegate.m */; };
		E29E8F4218EC181E00183552 /* Main.storyboard in Resources */ = {isa = PBXBuildFile; fileRef = E29E8F4018EC181E00183552 /* Main.storyboard */; };
		E29E8F4518EC181E00183552 /* ViewController.m in Sources */ = {isa = PBXBuildFile; fileRef = E29E8F4418EC181E00183552 /* ViewController.m */; };
		E29E8F4718EC181E00183552 /* Images.xcassets in Resources */ = {isa = PBXBuildFile; fileRef = E29E8F4618EC181E00183552 /* Images.xcassets */; };
		E29E8F4E18EC181E00183552 /* XCTest.framework in Frameworks */ = {isa = PBXBuildFile; fileRef = E29E8F4D18EC181E00183552 /* XCTest.framework */; };
		E29E8F4F18EC181E00183552 /* Foundation.framework in Frameworks */ = {isa = PBXBuildFile; fileRef = E29E8F2E18EC181E00183552 /* Foundation.framework */; };
		E29E8F5018EC181E00183552 /* UIKit.framework in Frameworks */ = {isa = PBXBuildFile; fileRef = E29E8F3218EC181E00183552 /* UIKit.framework */; };
		E29E8F5818EC181E00183552 /* InfoPlist.strings in Resources */ = {isa = PBXBuildFile; fileRef = E29E8F5618EC181E00183552 /* InfoPlist.strings */; };
		E29E8F5A18EC181E00183552 /* ObjectiveCTrainerAppTests.m in Sources */ = {isa = PBXBuildFile; fileRef = E29E8F5918EC181E00183552 /* ObjectiveCTrainerAppTests.m */; };
/* End PBXBuildFile section */

/* Begin PBXContainerItemProxy section */
		E29E8F5118EC181E00183552 /* PBXContainerItemProxy */ = {
			isa = PBXContainerItemProxy;
			containerPortal = E29E8F2318EC181E00183552 /* Project object */;
			proxyType = 1;
			remoteGlobalIDString = E29E8F2A18EC181E00183552;
			remoteInfo = ObjectiveCTrainerApp;
		};
/* End PBXContainerItemProxy section */

/* Begin PBXFileReference section */
		E29E8F2B18EC181E00183552 /* ObjectiveCTrainerApp.app */ = {isa = PBXFileReference; explicitFileType = wrapper.application; includeInIndex = 0; path = ObjectiveCTrainerApp.app; sourceTree = BUILT_PRODUCTS_DIR; };
		E29E8F2E18EC181E00183552 /* Foundation.framework */ = {isa = PBXFileReference; lastKnownFileType = wrapper.framework; name = Foundation.framework; path = System/Library/Frameworks/Foundation.framework; sourceTree = SDKROOT; };
		E29E8F3018EC181E00183552 /* CoreGraphics.framework */ = {isa = PBXFileReference; lastKnownFileType = wrapper.framework; name = CoreGraphics.framework; path = System/Library/Frameworks/CoreGraphics.framework; sourceTree = SDKROOT; };
		E29E8F3218EC181E00183552 /* UIKit.framework */ = {isa = PBXFileReference; lastKnownFileType = wrapper.framework; name = UIKit.framework; path = System/Library/Frameworks/UIKit.framework; sourceTree = SDKROOT; };
		E29E8F3618EC181E00183552 /* ObjectiveCTrainerApp-Info.plist */ = {isa = PBXFileReference; lastKnownFileType = text.plist.xml; path = "ObjectiveCTrainerApp-Info.plist"; sourceTree = "<group>"; };
		E29E8F3818EC181E00183552 /* en */ = {isa = PBXFileReference; lastKnownFileType = text.plist.strings; name = en; path = en.lproj/InfoPlist.strings; sourceTree = "<group>"; };
		E29E8F3A18EC181E00183552 /* main.m */ = {isa = PBXFileReference; lastKnownFileType = sourcecode.c.objc; path = main.m; sourceTree = "<group>"; };
		E29E8F3C18EC181E00183552 /* ObjectiveCTrainerApp-Prefix.pch */ = {isa = PBXFileReference; lastKnownFileType = sourcecode.c.h; path = "ObjectiveCTrainerApp-Prefix.pch"; sourceTree = "<group>"; };
		E29E8F3D18EC181E00183552 /* AppDelegate.h */ = {isa = PBXFileReference; lastKnownFileType = sourcecode.c.h; path = AppDelegate.h; sourceTree = "<group>"; };
		E29E8F3E18EC181E00183552 /* AppDelegate.m */ = {isa = PBXFileReference; lastKnownFileType = sourcecode.c.objc; path = AppDelegate.m; sourceTree = "<group>"; };
		E29E8F4118EC181E00183552 /* Base */ = {isa = PBXFileReference; lastKnownFileType = file.storyboard; name = Base; path = Base.lproj/Main.storyboard; sourceTree = "<group>"; };
		E29E8F4318EC181E00183552 /* ViewController.h */ = {isa = PBXFileReference; lastKnownFileType = sourcecode.c.h; path = ViewController.h; sourceTree = "<group>"; };
		E29E8F4418EC181E00183552 /* ViewController.m */ = {isa = PBXFileReference; lastKnownFileType = sourcecode.c.objc; path = ViewController.m; sourceTree = "<group>"; };
		E29E8F4618EC181E00183552 /* Images.xcassets */ = {isa = PBXFileReference; lastKnownFileType = folder.assetcatalog; path = Images.xcassets; sourceTree = "<group>"; };
		E29E8F4C18EC181E00183552 /* ObjectiveCTrainerAppTests.xctest */ = {isa = PBXFileReference; explicitFileType = wrapper.cfbundle; includeInIndex = 0; path = ObjectiveCTrainerAppTests.xctest; sourceTree = BUILT_PRODUCTS_DIR; };
		E29E8F4D18EC181E00183552 /* XCTest.framework */ = {isa = PBXFileReference; lastKnownFileType = wrapper.framework; name = XCTest.framework; path = Library/Frameworks/XCTest.framework; sourceTree = DEVELOPER_DIR; };
		E29E8F5518EC181E00183552 /* ObjectiveCTrainerAppTests-Info.plist */ = {isa = PBXFileReference; lastKnownFileType = text.plist.xml; path = "ObjectiveCTrainerAppTests-Info.plist"; sourceTree = "<group>"; };
		E29E8F5718EC181E00183552 /* en */ = {isa = PBXFileReference; lastKnownFileType = text.plist.strings; name = en; path = en.lproj/InfoPlist.strings; sourceTree = "<group>"; };
		E29E8F5918EC181E00183552 /* ObjectiveCTrainerAppTests.m */ = {isa = PBXFileReference; lastKnownFileType = sourcecode.c.objc; path = ObjectiveCTrainerAppTests.m; sourceTree = "<group>"; };
/* End PBXFileReference section */

/* Begin PBXFrameworksBuildPhase section */
		E29E8F2818EC181E00183552 /* Frameworks */ = {
			isa = PBXFrameworksBuildPhase;
			buildActionMask = 2147483647;
			files = (
				E29E8F3118EC181E00183552 /* CoreGraphics.framework in Frameworks */,
				E29E8F3318EC181E00183552 /* UIKit.framework in Frameworks */,
				E29E8F2F18EC181E00183552 /* Foundation.framework in Frameworks */,
			);
			runOnlyForDeploymentPostprocessing = 0;
		};
		E29E8F4918EC181E00183552 /* Frameworks */ = {
			isa = PBXFrameworksBuildPhase;
			buildActionMask = 2147483647;
			files = (
				E29E8F4E18EC181E00183552 /* XCTest.framework in Frameworks */,
				E29E8F5018EC181E00183552 /* UIKit.framework in Frameworks */,
				E29E8F4F18EC181E00183552 /* Foundation.framework in Frameworks */,
			);
			runOnlyForDeploymentPostprocessing = 0;
		};
/* End PBXFrameworksBuildPhase section */

/* Begin PBXGroup section */
		E29E8F2218EC181E00183552 = {
			isa = PBXGroup;
			children = (
				E29E8F3418EC181E00183552 /* ObjectiveCTrainerApp */,
				E29E8F5318EC181E00183552 /* ObjectiveCTrainerAppTests */,
				E29E8F2D18EC181E00183552 /* Frameworks */,
				E29E8F2C18EC181E00183552 /* Products */,
			);
			sourceTree = "<group>";
		};
		E29E8F2C18EC181E00183552 /* Products */ = {
			isa = PBXGroup;
			children = (
				E29E8F2B18EC181E00183552 /* ObjectiveCTrainerApp.app */,
				E29E8F4C18EC181E00183552 /* ObjectiveCTrainerAppTests.xctest */,
			);
			name = Products;
			sourceTree = "<group>";
		};
		E29E8F2D18EC181E00183552 /* Frameworks */ = {
			isa = PBXGroup;
			children = (
				E29E8F2E18EC181E00183552 /* Foundation.framework */,
				E29E8F3018EC181E00183552 /* CoreGraphics.framework */,
				E29E8F3218EC181E00183552 /* UIKit.framework */,
				E29E8F4D18EC181E00183552 /* XCTest.framework */,
			);
			name = Frameworks;
			sourceTree = "<group>";
		};
		E29E8F3418EC181E00183552 /* ObjectiveCTrainerApp */ = {
			isa = PBXGroup;
			children = (
				E29E8F3D18EC181E00183552 /* AppDelegate.h */,
				E29E8F3E18EC181E00183552 /* AppDelegate.m */,
				E29E8F4018EC181E00183552 /* Main.storyboard */,
				E29E8F4318EC181E00183552 /* ViewController.h */,
				E29E8F4418EC181E00183552 /* ViewController.m */,
				E29E8F4618EC181E00183552 /* Images.xcassets */,
				E29E8F3518EC181E00183552 /* Supporting Files */,
			);
			path = ObjectiveCTrainerApp;
			sourceTree = "<group>";
		};
		E29E8F3518EC181E00183552 /* Supporting Files */ = {
			isa = PBXGroup;
			children = (
				E29E8F3618EC181E00183552 /* ObjectiveCTrainerApp-Info.plist */,
				E29E8F3718EC181E00183552 /* InfoPlist.strings */,
				E29E8F3A18EC181E00183552 /* main.m */,
				E29E8F3C18EC181E00183552 /* ObjectiveCTrainerApp-Prefix.pch */,
			);
			name = "Supporting Files";
			sourceTree = "<group>";
		};
		E29E8F5318EC181E00183552 /* ObjectiveCTrainerAppTests */ = {
			isa = PBXGroup;
			children = (
				E29E8F5918EC181E00183552 /* ObjectiveCTrainerAppTests.m */,
				E29E8F5418EC181E00183552 /* Supporting Files */,
			);
			path = ObjectiveCTrainerAppTests;
			sourceTree = "<group>";
		};
		E29E8F5418EC181E00183552 /* Supporting Files */ = {
			isa = PBXGroup;
			children = (
				E29E8F5518EC181E00183552 /* ObjectiveCTrainerAppTests-Info.plist */,
				E29E8F5618EC181E00183552 /* InfoPlist.strings */,
			);
			name = "Supporting Files";
			sourceTree = "<group>";
		};
/* End PBXGroup section */

/* Begin PBXNativeTarget section */
		E29E8F2A18EC181E00183552 /* ObjectiveCTrainerApp */ = {
			isa = PBXNativeTarget;
			buildConfigurationList = E29E8F5D18EC181E00183552 /* Build configuration list for PBXNativeTarget "ObjectiveCTrainerApp" */;
			buildPhases = (
				E29E8F2718EC181E00183552 /* Sources */,
				E29E8F2818EC181E00183552 /* Frameworks */,
				E29E8F2918EC181E00183552 /* Resources */,
			);
			buildRules = (
			);
			dependencies = (
			);
			name = ObjectiveCTrainerApp;
			productName = ObjectiveCTrainerApp;
			productReference = E29E8F2B18EC181E00183552 /* ObjectiveCTrainerApp.app */;
			productType = "com.apple.product-type.application";
		};
		E29E8F4B18EC181E00183552 /* ObjectiveCTrainerAppTests */ = {
			isa = PBXNativeTarget;
			buildConfigurationList = E29E8F6018EC181E00183552 /* Build configuration list for PBXNativeTarget "ObjectiveCTrainerAppTests" */;
			buildPhases = (
				E29E8F4818EC181E00183552 /* Sources */,
				E29E8F4918EC181E00183552 /* Frameworks */,
				E29E8F4A18EC181E00183552 /* Resources */,
			);
			buildRules = (
			);
			dependencies = (
				E29E8F5218EC181E00183552 /* PBXTargetDependency */,
			);
			name = ObjectiveCTrainerAppTests;
			productName = ObjectiveCTrainerAppTests;
			productReference = E29E8F4C18EC181E00183552 /* ObjectiveCTrainerAppTests.xctest */;
			productType = "com.apple.product-type.bundle.unit-test";
		};
/* End PBXNativeTarget section */

/* Begin PBXProject section */
		E29E8F2318EC181E00183552 /* Project object */ = {
			isa = PBXProject;
			attributes = {
				LastUpgradeCheck = 0510;
				ORGANIZATIONNAME = "Q New Media Inc";
				TargetAttributes = {
					E29E8F4B18EC181E00183552 = {
						TestTargetID = E29E8F2A18EC181E00183552;
					};
				};
			};
			buildConfigurationList = E29E8F2618EC181E00183552 /* Build configuration list for PBXProject "ObjectiveCTrainerApp" */;
			compatibilityVersion = "Xcode 3.2";
			developmentRegion = English;
			hasScannedForEncodings = 0;
			knownRegions = (
				en,
				Base,
			);
			mainGroup = E29E8F2218EC181E00183552;
			productRefGroup = E29E8F2C18EC181E00183552 /* Products */;
			projectDirPath = "";
			projectRoot = "";
			targets = (
				E29E8F2A18EC181E00183552 /* ObjectiveCTrainerApp */,
				E29E8F4B18EC181E00183552 /* ObjectiveCTrainerAppTests */,
			);
		};
/* End PBXProject section */

/* Begin PBXResourcesBuildPhase section */
		E29E8F2918EC181E00183552 /* Resources */ = {
			isa = PBXResourcesBuildPhase;
			buildActionMask = 2147483647;
			files = (
				E29E8F4718EC181E00183552 /* Images.xcassets in Resources */,
				E29E8F3918EC181E00183552 /* InfoPlist.strings in Resources */,
				E29E8F4218EC181E00183552 /* Main.storyboard in Resources */,
			);
			runOnlyForDeploymentPostprocessing = 0;
		};
		E29E8F4A18EC181E00183552 /* Resources */ = {
			isa = PBXResourcesBuildPhase;
			buildActionMask = 2147483647;
			files = (
				E29E8F5818EC181E00183552 /* InfoPlist.strings in Resources */,
			);
			runOnlyForDeploymentPostprocessing = 0;
		};
/* End PBXResourcesBuildPhase section */

/* Begin PBXSourcesBuildPhase section */
		E29E8F2718EC181E00183552 /* Sources */ = {
			isa = PBXSourcesBuildPhase;
			buildActionMask = 2147483647;
			files = (
				E29E8F4518EC181E00183552 /* ViewController.m in Sources */,
				E29E8F3F18EC181E00183552 /* AppDelegate.m in Sources */,
				E29E8F3B18EC181E00183552 /* main.m in Sources */,
			);
			runOnlyForDeploymentPostprocessing = 0;
		};
		E29E8F4818EC181E00183552 /* Sources */ = {
			isa = PBXSourcesBuildPhase;
			buildActionMask = 2147483647;
			files = (
				E29E8F5A18EC181E00183552 /* ObjectiveCTrainerAppTests.m in Sources */,
			);
			runOnlyForDeploymentPostprocessing = 0;
		};
/* End PBXSourcesBuildPhase section */

/* Begin PBXTargetDependency section */
		E29E8F5218EC181E00183552 /* PBXTargetDependency */ = {
			isa = PBXTargetDependency;
			target = E29E8F2A18EC181E00183552 /* ObjectiveCTrainerApp */;
			targetProxy = E29E8F5118EC181E00183552 /* PBXContainerItemProxy */;
		};
/* End PBXTargetDependency section */

/* Begin PBXVariantGroup section */
		E29E8F3718EC181E00183552 /* InfoPlist.strings */ = {
			isa = PBXVariantGroup;
			children = (
				E29E8F3818EC181E00183552 /* en */,
			);
			name = InfoPlist.strings;
			sourceTree = "<group>";
		};
		E29E8F4018EC181E00183552 /* Main.storyboard */ = {
			isa = PBXVariantGroup;
			children = (
				E29E8F4118EC181E00183552 /* Base */,
			);
			name = Main.storyboard;
			sourceTree = "<group>";
		};
		E29E8F5618EC181E00183552 /* InfoPlist.strings */ = {
			isa = PBXVariantGroup;
			children = (
				E29E8F5718EC181E00183552 /* en */,
			);
			name = InfoPlist.strings;
			sourceTree = "<group>";
		};
/* End PBXVariantGroup section */

/* Begin XCBuildConfiguration section */
		E29E8F5B18EC181E00183552 /* Debug */ = {
			isa = XCBuildConfiguration;
			buildSettings = {
				ALWAYS_SEARCH_USER_PATHS = NO;
				CLANG_CXX_LANGUAGE_STANDARD = "gnu++0x";
				CLANG_CXX_LIBRARY = "libc++";
				CLANG_ENABLE_MODULES = YES;
				CLANG_ENABLE_OBJC_ARC = YES;
				CLANG_WARN_BOOL_CONVERSION = YES;
				CLANG_WARN_CONSTANT_CONVERSION = YES;
				CLANG_WARN_DIRECT_OBJC_ISA_USAGE = YES_ERROR;
				CLANG_WARN_EMPTY_BODY = YES;
				CLANG_WARN_ENUM_CONVERSION = YES;
				CLANG_WARN_INT_CONVERSION = YES;
				CLANG_WARN_OBJC_ROOT_CLASS = YES_ERROR;
				CLANG_WARN__DUPLICATE_METHOD_MATCH = YES;
				"CODE_SIGN_IDENTITY[sdk=iphoneos*]" = "iPhone Developer";
				COPY_PHASE_STRIP = NO;
				GCC_C_LANGUAGE_STANDARD = gnu99;
				GCC_DYNAMIC_NO_PIC = NO;
				GCC_OPTIMIZATION_LEVEL = 0;
				GCC_PREPROCESSOR_DEFINITIONS = (
					"DEBUG=1",
					"$(inherited)",
				);
				GCC_SYMBOLS_PRIVATE_EXTERN = NO;
				GCC_WARN_64_TO_32_BIT_CONVERSION = YES;
				GCC_WARN_ABOUT_RETURN_TYPE = YES_ERROR;
				GCC_WARN_UNDECLARED_SELECTOR = YES;
				GCC_WARN_UNINITIALIZED_AUTOS = YES_AGGRESSIVE;
				GCC_WARN_UNUSED_FUNCTION = YES;
				GCC_WARN_UNUSED_VARIABLE = YES;
				IPHONEOS_DEPLOYMENT_TARGET = 7.1;
				ONLY_ACTIVE_ARCH = YES;
				SDKROOT = iphoneos;
			};
			name = Debug;
		};
		E29E8F5C18EC181E00183552 /* Release */ = {
			isa = XCBuildConfiguration;
			buildSettings = {
				ALWAYS_SEARCH_USER_PATHS = NO;
				CLANG_CXX_LANGUAGE_STANDARD = "gnu++0x";
				CLANG_CXX_LIBRARY = "libc++";
				CLANG_ENABLE_MODULES = YES;
				CLANG_ENABLE_OBJC_ARC = YES;
				CLANG_WARN_BOOL_CONVERSION = YES;
				CLANG_WARN_CONSTANT_CONVERSION = YES;
				CLANG_WARN_DIRECT_OBJC_ISA_USAGE = YES_ERROR;
				CLANG_WARN_EMPTY_BODY = YES;
				CLANG_WARN_ENUM_CONVERSION = YES;
				CLANG_WARN_INT_CONVERSION = YES;
				CLANG_WARN_OBJC_ROOT_CLASS = YES_ERROR;
				CLANG_WARN__DUPLICATE_METHOD_MATCH = YES;
				"CODE_SIGN_IDENTITY[sdk=iphoneos*]" = "iPhone Developer";
				COPY_PHASE_STRIP = YES;
				ENABLE_NS_ASSERTIONS = NO;
				GCC_C_LANGUAGE_STANDARD = gnu99;
				GCC_WARN_64_TO_32_BIT_CONVERSION = YES;
				GCC_WARN_ABOUT_RETURN_TYPE = YES_ERROR;
				GCC_WARN_UNDECLARED_SELECTOR = YES;
				GCC_WARN_UNINITIALIZED_AUTOS = YES_AGGRESSIVE;
				GCC_WARN_UNUSED_FUNCTION = YES;
				GCC_WARN_UNUSED_VARIABLE = YES;
				IPHONEOS_DEPLOYMENT_TARGET = 7.1;
				SDKROOT = iphoneos;
				VALIDATE_PRODUCT = YES;
			};
			name = Release;
		};
		E29E8F5E18EC181E00183552 /* Debug */ = {
			isa = XCBuildConfiguration;
			buildSettings = {
				ASSETCATALOG_COMPILER_APPICON_NAME = AppIcon;
				ASSETCATALOG_COMPILER_LAUNCHIMAGE_NAME = LaunchImage;
				GCC_PRECOMPILE_PREFIX_HEADER = YES;
				GCC_PREFIX_HEADER = "ObjectiveCTrainerApp/ObjectiveCTrainerApp-Prefix.pch";
				INFOPLIST_FILE = "ObjectiveCTrainerApp/ObjectiveCTrainerApp-Info.plist";
				PRODUCT_NAME = "$(TARGET_NAME)";
				WRAPPER_EXTENSION = app;
			};
			name = Debug;
		};
		E29E8F5F18EC181E00183552 /* Release */ = {
			isa = XCBuildConfiguration;
			buildSettings = {
				ASSETCATALOG_COMPILER_APPICON_NAME = AppIcon;
				ASSETCATALOG_COMPILER_LAUNCHIMAGE_NAME = LaunchImage;
				GCC_PRECOMPILE_PREFIX_HEADER = YES;
				GCC_PREFIX_HEADER = "ObjectiveCTrainerApp/ObjectiveCTrainerApp-Prefix.pch";
				INFOPLIST_FILE = "ObjectiveCTrainerApp/ObjectiveCTrainerApp-Info.plist";
				PRODUCT_NAME = "$(TARGET_NAME)";
				WRAPPER_EXTENSION = app;
			};
			name = Release;
		};
		E29E8F6118EC181E00183552 /* Debug */ = {
			isa = XCBuildConfiguration;
			buildSettings = {
				BUNDLE_LOADER = "$(BUILT_PRODUCTS_DIR)/ObjectiveCTrainerApp.app/ObjectiveCTrainerApp";
				FRAMEWORK_SEARCH_PATHS = (
					"$(SDKROOT)/Developer/Library/Frameworks",
					"$(inherited)",
					"$(DEVELOPER_FRAMEWORKS_DIR)",
				);
				GCC_PRECOMPILE_PREFIX_HEADER = YES;
				GCC_PREFIX_HEADER = "ObjectiveCTrainerApp/ObjectiveCTrainerApp-Prefix.pch";
				GCC_PREPROCESSOR_DEFINITIONS = (
					"DEBUG=1",
					"$(inherited)",
				);
				INFOPLIST_FILE = "ObjectiveCTrainerAppTests/ObjectiveCTrainerAppTests-Info.plist";
				PRODUCT_NAME = "$(TARGET_NAME)";
				TEST_HOST = "$(BUNDLE_LOADER)";
				WRAPPER_EXTENSION = xctest;
			};
			name = Debug;
		};
		E29E8F6218EC181E00183552 /* Release */ = {
			isa = XCBuildConfiguration;
			buildSettings = {
				BUNDLE_LOADER = "$(BUILT_PRODUCTS_DIR)/ObjectiveCTrainerApp.app/ObjectiveCTrainerApp";
				FRAMEWORK_SEARCH_PATHS = (
					"$(SDKROOT)/Developer/Library/Frameworks",
					"$(inherited)",
					"$(DEVELOPER_FRAMEWORKS_DIR)",
				);
				GCC_PRECOMPILE_PREFIX_HEADER = YES;
				GCC_PREFIX_HEADER = "ObjectiveCTrainerApp/ObjectiveCTrainerApp-Prefix.pch";
				INFOPLIST_FILE = "ObjectiveCTrainerAppTests/ObjectiveCTrainerAppTests-Info.plist";
				PRODUCT_NAME = "$(TARGET_NAME)";
				TEST_HOST = "$(BUNDLE_LOADER)";
				WRAPPER_EXTENSION = xctest;
			};
			name = Release;
		};
/* End XCBuildConfiguration section */

/* Begin XCConfigurationList section */
		E29E8F2618EC181E00183552 /* Build configuration list for PBXProject "ObjectiveCTrainerApp" */ = {
			isa = XCConfigurationList;
			buildConfigurations = (
				E29E8F5B18EC181E00183552 /* Debug */,
				E29E8F5C18EC181E00183552 /* Release */,
			);
			defaultConfigurationIsVisible = 0;
			defaultConfigurationName = Release;
		};
		E29E8F5D18EC181E00183552 /* Build configuration list for PBXNativeTarget "ObjectiveCTrainerApp" */ = {
			isa = XCConfigurationList;
			buildConfigurations = (
				E29E8F5E18EC181E00183552 /* Debug */,
				E29E8F5F18EC181E00183552 /* Release */,
			);
			defaultConfigurationIsVisible = 0;
		};
		E29E8F6018EC181E00183552 /* Build configuration list for PBXNativeTarget "ObjectiveCTrainerAppTests" */ = {
			isa = XCConfigurationList;
			buildConfigurations = (
				E29E8F6118EC181E00183552 /* Debug */,
				E29E8F6218EC181E00183552 /* Release */,
			);
			defaultConfigurationIsVisible = 0;
		};
/* End XCConfigurationList section */
	};
	rootObject = E29E8F2318EC181E00183552 /* Project object */;
}
